
Microsoft Visual Studio Solution File, Format Version 11.00
# Visual Studio 2010
# SharpDevelop 4.4
Project("{FD48973F-F585-4F70-812B-4D0503B36CE9}") = "DataManagerGUI", "DataManagerGUI\DataManagerGUI.pyproj", "{0720CAEA-1D80-4BA1-8977-82FC9616C475}"
EndProject
Global
	GlobalSection(SolutionConfigurationPlatforms) = preSolution
		Debug|Any CPU = Debug|Any CPU
		Release|Any CPU = Release|Any CPU
	EndGlobalSection
	GlobalSection(ProjectConfigurationPlatforms) = postSolution
		{0720CAEA-1D80-4BA1-8977-82FC9616C475}.Debug|Any CPU.Build.0 = Debug|Any CPU
		{0720CAEA-1D80-4BA1-8977-82FC9616C475}.Debug|Any CPU.ActiveCfg = Debug|Any CPU
		{0720CAEA-1D80-4BA1-8977-82FC9616C475}.Release|Any CPU.Build.0 = Release|Any CPU
		{0720CAEA-1D80-4BA1-8977-82FC9616C475}.Release|Any CPU.ActiveCfg = Release|Any CPU
	EndGlobalSection
EndGlobal
